
Microsoft Visual Studio Solution File, Format Version 12.00
# Visual Studio 15
VisualStudioVersion = 15.0.27130.2027
MinimumVisualStudioVersion = 10.0.40219.1
Project("{FAE04EC0-301F-11D3-BF4B-00C04F79EFBC}") = "WindowsFormsApp1", "WindowsFormsApp1\WindowsFormsApp1.csproj", "{64C1216D-5481-4A88-8AF5-92701230BF75}"
EndProject
Global
	GlobalSection(SolutionConfigurationPlatforms) = preSolution
		Debug|Any CPU = Debug|Any CPU
		Release|Any CPU = Release|Any CPU
	EndGlobalSection
	GlobalSection(ProjectConfigurationPlatforms) = postSolution
		{64C1216D-5481-4A88-8AF5-92701230BF75}.Debug|Any CPU.ActiveCfg = Debug|Any CPU
		{64C1216D-5481-4A88-8AF5-92701230BF75}.Debug|Any CPU.Build.0 = Debug|Any CPU
		{64C1216D-5481-4A88-8AF5-92701230BF75}.Release|Any CPU.ActiveCfg = Release|Any CPU
		{64C1216D-5481-4A88-8AF5-92701230BF75}.Release|Any CPU.Build.0 = Release|Any CPU
	EndGlobalSection
	GlobalSection(SolutionProperties) = preSolution
		HideSolutionNode = FALSE
	EndGlobalSection
	GlobalSection(ExtensibilityGlobals) = postSolution
		SolutionGuid = {37548A27-EE8F-46E6-BD1B-9B48339A9096}
	EndGlobalSection
EndGlobal
